
Microsoft Visual Studio Solution File, Format Version 12.00
# Visual Studio Version 16
VisualStudioVersion = 16.0.30711.63
MinimumVisualStudioVersion = 10.0.40219.1
Project("{9A19103F-16F7-4668-BE54-9A1E7A4F7556}") = "CsharpSyntax", "CsharpSyntax\CsharpSyntax.csproj", "{94D8069B-BC92-4B7F-A390-5054D5AD24FE}"
EndProject
Project("{54435603-DBB4-11D2-8724-00A0C9A8B90C}") = "Setuptest", "Setuptest\Setuptest.vdproj", "{30D7E0D4-5E58-4BD4-BC20-8B6C095A217B}"
EndProject
Global
	GlobalSection(SolutionConfigurationPlatforms) = preSolution
		Debug|Any CPU = Debug|Any CPU
		Release|Any CPU = Release|Any CPU
	EndGlobalSection
	GlobalSection(ProjectConfigurationPlatforms) = postSolution
		{94D8069B-BC92-4B7F-A390-5054D5AD24FE}.Debug|Any CPU.ActiveCfg = Debug|Any CPU
		{94D8069B-BC92-4B7F-A390-5054D5AD24FE}.Debug|Any CPU.Build.0 = Debug|Any CPU
		{94D8069B-BC92-4B7F-A390-5054D5AD24FE}.Release|Any CPU.ActiveCfg = Release|Any CPU
		{94D8069B-BC92-4B7F-A390-5054D5AD24FE}.Release|Any CPU.Build.0 = Release|Any CPU
		{30D7E0D4-5E58-4BD4-BC20-8B6C095A217B}.Debug|Any CPU.ActiveCfg = Debug
		{30D7E0D4-5E58-4BD4-BC20-8B6C095A217B}.Release|Any CPU.ActiveCfg = Release
		{30D7E0D4-5E58-4BD4-BC20-8B6C095A217B}.Release|Any CPU.Build.0 = Release
	EndGlobalSection
	GlobalSection(SolutionProperties) = preSolution
		HideSolutionNode = FALSE
	EndGlobalSection
	GlobalSection(ExtensibilityGlobals) = postSolution
		SolutionGuid = {948FCFEE-2AE0-49C4-8FD6-2054C99CC8FA}
	EndGlobalSection
EndGlobal
