
Microsoft Visual Studio Solution File, Format Version 12.00
# Visual Studio Version 16
VisualStudioVersion = 16.0.30711.63
MinimumVisualStudioVersion = 10.0.40219.1
Project("{FAE04EC0-301F-11D3-BF4B-00C04F79EFBC}") = "CsharpSyntax", "CsharpSyntax\CsharpSyntax.csproj", "{94D8069B-BC92-4B7F-A390-5054D5AD24FE}"
EndProject
Global
	GlobalSection(SolutionConfigurationPlatforms) = preSolution
		Debug|Any CPU = Debug|Any CPU
		Release|Any CPU = Release|Any CPU
	EndGlobalSection
	GlobalSection(ProjectConfigurationPlatforms) = postSolution
		{94D8069B-BC92-4B7F-A390-5054D5AD24FE}.Debug|Any CPU.ActiveCfg = Debug|Any CPU
		{94D8069B-BC92-4B7F-A390-5054D5AD24FE}.Debug|Any CPU.Build.0 = Debug|Any CPU
		{94D8069B-BC92-4B7F-A390-5054D5AD24FE}.Release|Any CPU.ActiveCfg = Release|Any CPU
		{94D8069B-BC92-4B7F-A390-5054D5AD24FE}.Release|Any CPU.Build.0 = Release|Any CPU
	EndGlobalSection
	GlobalSection(SolutionProperties) = preSolution
		HideSolutionNode = FALSE
	EndGlobalSection
	GlobalSection(ExtensibilityGlobals) = postSolution
		SolutionGuid = {948FCFEE-2AE0-49C4-8FD6-2054C99CC8FA}
	EndGlobalSection
EndGlobal
